
Microsoft Visual Studio Solution File, Format Version 12.00
# Visual Studio Version 17
VisualStudioVersion = 17.11.35208.52
MinimumVisualStudioVersion = 10.0.40219.1
Project("{9A19103F-16F7-4668-BE54-9A1E7A4F7556}") = "BG_IMPACT.Infrastructure", "BG_IMPACT.Infrastructure\BG_IMPACT.Infrastructure.csproj", "{703634BF-6F0D-4F63-9E6E-6A7464513B0F}"
EndProject
Project("{9A19103F-16F7-4668-BE54-9A1E7A4F7556}") = "BG_IMPACT.Business", "BG_IMPACT.Business\BG_IMPACT.Business.csproj", "{31974334-EAFC-456F-BF59-383303ACCE03}"
EndProject
Project("{9A19103F-16F7-4668-BE54-9A1E7A4F7556}") = "BG_IMPACT.DTO", "BG_IMPACT.DTO\BG_IMPACT.DTO.csproj", "{5C0F0454-28FB-4AFA-8AE0-2C6951439A81}"
EndProject
Project("{9A19103F-16F7-4668-BE54-9A1E7A4F7556}") = "BG_IMPACT.Repository", "BG_IMPACT.Repository\BG_IMPACT.Repository.csproj", "{9716ABD9-C43A-4ED5-870F-DDDE2E0EF691}"
EndProject
Project("{9A19103F-16F7-4668-BE54-9A1E7A4F7556}") = "BG_IMPACT.Test", "BG_IMPACT.Test\BG_IMPACT.Test.csproj", "{BD6F6E13-CE66-48EB-A2BD-D7C4C57C7759}"
EndProject
Project("{9A19103F-16F7-4668-BE54-9A1E7A4F7556}") = "BG_IMPACT", "BG_IMPACT\BG_IMPACT.csproj", "{C02D171A-EE69-48AE-B687-73A227C3B58D}"
EndProject
Global
	GlobalSection(SolutionConfigurationPlatforms) = preSolution
		Debug|Any CPU = Debug|Any CPU
		Release|Any CPU = Release|Any CPU
	EndGlobalSection
	GlobalSection(ProjectConfigurationPlatforms) = postSolution
		{703634BF-6F0D-4F63-9E6E-6A7464513B0F}.Debug|Any CPU.ActiveCfg = Debug|Any CPU
		{703634BF-6F0D-4F63-9E6E-6A7464513B0F}.Debug|Any CPU.Build.0 = Debug|Any CPU
		{703634BF-6F0D-4F63-9E6E-6A7464513B0F}.Release|Any CPU.ActiveCfg = Release|Any CPU
		{703634BF-6F0D-4F63-9E6E-6A7464513B0F}.Release|Any CPU.Build.0 = Release|Any CPU
		{31974334-EAFC-456F-BF59-383303ACCE03}.Debug|Any CPU.ActiveCfg = Debug|Any CPU
		{31974334-EAFC-456F-BF59-383303ACCE03}.Debug|Any CPU.Build.0 = Debug|Any CPU
		{31974334-EAFC-456F-BF59-383303ACCE03}.Release|Any CPU.ActiveCfg = Release|Any CPU
		{31974334-EAFC-456F-BF59-383303ACCE03}.Release|Any CPU.Build.0 = Release|Any CPU
		{5C0F0454-28FB-4AFA-8AE0-2C6951439A81}.Debug|Any CPU.ActiveCfg = Debug|Any CPU
		{5C0F0454-28FB-4AFA-8AE0-2C6951439A81}.Debug|Any CPU.Build.0 = Debug|Any CPU
		{5C0F0454-28FB-4AFA-8AE0-2C6951439A81}.Release|Any CPU.ActiveCfg = Release|Any CPU
		{5C0F0454-28FB-4AFA-8AE0-2C6951439A81}.Release|Any CPU.Build.0 = Release|Any CPU
		{9716ABD9-C43A-4ED5-870F-DDDE2E0EF691}.Debug|Any CPU.ActiveCfg = Debug|Any CPU
		{9716ABD9-C43A-4ED5-870F-DDDE2E0EF691}.Debug|Any CPU.Build.0 = Debug|Any CPU
		{9716ABD9-C43A-4ED5-870F-DDDE2E0EF691}.Release|Any CPU.ActiveCfg = Release|Any CPU
		{9716ABD9-C43A-4ED5-870F-DDDE2E0EF691}.Release|Any CPU.Build.0 = Release|Any CPU
		{BD6F6E13-CE66-48EB-A2BD-D7C4C57C7759}.Debug|Any CPU.ActiveCfg = Debug|Any CPU
		{BD6F6E13-CE66-48EB-A2BD-D7C4C57C7759}.Debug|Any CPU.Build.0 = Debug|Any CPU
		{BD6F6E13-CE66-48EB-A2BD-D7C4C57C7759}.Release|Any CPU.ActiveCfg = Release|Any CPU
		{BD6F6E13-CE66-48EB-A2BD-D7C4C57C7759}.Release|Any CPU.Build.0 = Release|Any CPU
		{C02D171A-EE69-48AE-B687-73A227C3B58D}.Debug|Any CPU.ActiveCfg = Debug|Any CPU
		{C02D171A-EE69-48AE-B687-73A227C3B58D}.Debug|Any CPU.Build.0 = Debug|Any CPU
		{C02D171A-EE69-48AE-B687-73A227C3B58D}.Release|Any CPU.ActiveCfg = Release|Any CPU
		{C02D171A-EE69-48AE-B687-73A227C3B58D}.Release|Any CPU.Build.0 = Release|Any CPU
	EndGlobalSection
	GlobalSection(SolutionProperties) = preSolution
		HideSolutionNode = FALSE
	EndGlobalSection
	GlobalSection(ExtensibilityGlobals) = postSolution
		SolutionGuid = {4D1AFCB4-B801-44EA-BE87-1AC4E1D0699A}
	EndGlobalSection
EndGlobal
